Microsoft Visual Studio Solution File, Format Version 12.00
# Visual Studio 15
VisualStudioVersion = 15.0.28307.271
MinimumVisualStudioVersion = 10.0.40219.1
Project("{8BC9CEB8-8B4A-11D0-8D11-00A0C91BC942}") = "SpeakerWorkshop", "SpeakerWorkshop.vcxproj", "{7CE7FAFE-3AC5-475D-81F1-9CF7349550A9}"
EndProject
Global
	GlobalSection(SolutionConfigurationPlatforms) = preSolution
		Debug|Win32 = Debug|Win32
		Debug|x64 = Debug|x64
		Local|Win32 = Local|Win32
		Local|x64 = Local|x64
		Release|Win32 = Release|Win32
		Release|x64 = Release|x64
	EndGlobalSection
	GlobalSection(ProjectConfigurationPlatforms) = postSolution
		{7CE7FAFE-3AC5-475D-81F1-9CF7349550A9}.Debug|Win32.ActiveCfg = Debug|Win32
		{7CE7FAFE-3AC5-475D-81F1-9CF7349550A9}.Debug|Win32.Build.0 = Debug|Win32
		{7CE7FAFE-3AC5-475D-81F1-9CF7349550A9}.Debug|x64.ActiveCfg = Debug|x64
		{7CE7FAFE-3AC5-475D-81F1-9CF7349550A9}.Debug|x64.Build.0 = Debug|x64
		{7CE7FAFE-3AC5-475D-81F1-9CF7349550A9}.Local|Win32.ActiveCfg = Release|Win32
		{7CE7FAFE-3AC5-475D-81F1-9CF7349550A9}.Local|Win32.Build.0 = Release|Win32
		{7CE7FAFE-3AC5-475D-81F1-9CF7349550A9}.Local|x64.ActiveCfg = Release|x64
		{7CE7FAFE-3AC5-475D-81F1-9CF7349550A9}.Local|x64.Build.0 = Release|x64
		{7CE7FAFE-3AC5-475D-81F1-9CF7349550A9}.Release|Win32.ActiveCfg = Release|Win32
		{7CE7FAFE-3AC5-475D-81F1-9CF7349550A9}.Release|Win32.Build.0 = Release|Win32
		{7CE7FAFE-3AC5-475D-81F1-9CF7349550A9}.Release|x64.ActiveCfg = Release|x64
		{7CE7FAFE-3AC5-475D-81F1-9CF7349550A9}.Release|x64.Build.0 = Release|x64
		{7CE7FAFE-3AC5-475D-81F1-9CF7349550A9}.Release|x64.Deploy.0 = Release|x64
	EndGlobalSection
	GlobalSection(SolutionProperties) = preSolution
		HideSolutionNode = FALSE
	EndGlobalSection
	GlobalSection(ExtensibilityGlobals) = postSolution
		SolutionGuid = {F6B78A65-65CD-4E3A-B499-D3D1D8A3CB0B}
	EndGlobalSection
EndGlobal
