<?xml version="1.0" encoding="utf-8"?>
<Project ToolsVersion="4.0" xmlns="http://schemas.microsoft.com/developer/msbuild/2003">
  <ItemGroup>
    <Filter Include="Source Files">
      <UniqueIdentifier>{4FC737F1-C7A5-4376-A066-2A32D752A2FF}</UniqueIdentifier>
      <Extensions>cpp;c;cc;cxx;def;odl;idl;hpj;bat;asm;asmx</Extensions>
    </Filter>
    <Filter Include="Header Files">
      <UniqueIdentifier>{93995380-89BD-4b04-88EB-625FBE52EBFB}</UniqueIdentifier>
      <Extensions>h;hpp;hxx;hm;inl;inc;xsd</Extensions>
    </Filter>
    <Filter Include="Resource Files">
      <UniqueIdentifier>{67DA6AB6-F800-4c08-8B7A-83BB121AAD01}</UniqueIdentifier>
      <Extensions>rc;ico;cur;bmp;dlg;rc2;rct;bin;rgs;gif;jpg;jpeg;jpe;resx;tiff;tif;png;wav;mfcribbon-ms</Extensions>
    </Filter>
  </ItemGroup>
  <ItemGroup>
    <None Include="ReadMe.txt" />
    <None Include="small.ico">
      <Filter>Resource Files</Filter>
    </None>
    <None Include="Audtest.ico">
      <Filter>Resource Files</Filter>
    </None>
    <None Include="res\cursor1.cur">
      <Filter>Resource Files</Filter>
    </None>
    <None Include="res\mover.cur">
      <Filter>Resource Files</Filter>
    </None>
    <None Include="res\arrow.cur">
      <Filter>Resource Files</Filter>
    </None>
    <None Include="res\arrowcop.cur">
      <Filter>Resource Files</Filter>
    </None>
    <None Include="res\nodrop.cur">
      <Filter>Resource Files</Filter>
    </None>
    <None Include="res\mover1.cur">
      <Filter>Resource Files</Filter>
    </None>
    <None Include="res\smallcro.cur">
      <Filter>Resource Files</Filter>
    </None>
    <None Include="res\uniter.cur">
      <Filter>Resource Files</Filter>
    </None>
  </ItemGroup>
  <ItemGroup>
    <ClInclude Include="stdafx.h">
      <Filter>Header Files</Filter>
    </ClInclude>
    <ClInclude Include="targetver.h">
      <Filter>Header Files</Filter>
    </ClInclude>
    <ClInclude Include="Resource.h">
      <Filter>Header Files</Filter>
    </ClInclude>
    <ClInclude Include="Audtest.h">
      <Filter>Header Files</Filter>
    </ClInclude>
    <ClInclude Include="SetLocale.h">
      <Filter>Header Files</Filter>
    </ClInclude>
    <ClInclude Include="Splash.h">
      <Filter>Header Files</Filter>
    </ClInclude>
    <ClInclude Include="SplitBar.h">
      <Filter>Header Files</Filter>
    </ClInclude>
    <ClInclude Include="Srvritem.h">
      <Filter>Header Files</Filter>
    </ClInclude>
    <ClInclude Include="treectrl.h">
      <Filter>Header Files</Filter>
    </ClInclude>
    <ClInclude Include="TrueDialogBar.h">
      <Filter>Header Files</Filter>
    </ClInclude>
    <ClInclude Include="Utils.h">
      <Filter>Header Files</Filter>
    </ClInclude>
    <ClInclude Include="vwchart.h">
      <Filter>Header Files</Filter>
    </ClInclude>
    <ClInclude Include="vwdata.h">
      <Filter>Header Files</Filter>
    </ClInclude>
    <ClInclude Include="vwdrive.h">
      <Filter>Header Files</Filter>
    </ClInclude>
    <ClInclude Include="vwencl.h">
      <Filter>Header Files</Filter>
    </ClInclude>
    <ClInclude Include="vwgen.h">
      <Filter>Header Files</Filter>
    </ClInclude>
    <ClInclude Include="vwNet.h">
      <Filter>Header Files</Filter>
    </ClInclude>
    <ClInclude Include="vwroom.h">
      <Filter>Header Files</Filter>
    </ClInclude>
    <ClInclude Include="vwtree.h">
      <Filter>Header Files</Filter>
    </ClInclude>
    <ClInclude Include="Xform.h">
      <Filter>Header Files</Filter>
    </ClInclude>
    <ClInclude Include="Xformall.h">
      <Filter>Header Files</Filter>
    </ClInclude>
    <ClInclude Include="XformGoal.h">
      <Filter>Header Files</Filter>
    </ClInclude>
    <ClInclude Include="ZcSplitCtrl.h">
      <Filter>Header Files</Filter>
    </ClInclude>
    <ClInclude Include="zformedt.h">
      <Filter>Header Files</Filter>
    </ClInclude>
    <ClInclude Include="audtedoc.h">
      <Filter>Header Files</Filter>
    </ClInclude>
    <ClInclude Include="audtest_h.h">
      <Filter>Header Files</Filter>
    </ClInclude>
    <ClInclude Include="audtevw.h">
      <Filter>Header Files</Filter>
    </ClInclude>
    <ClInclude Include="audtree.h">
      <Filter>Header Files</Filter>
    </ClInclude>
    <ClInclude Include="BarNetwork.h">
      <Filter>Header Files</Filter>
    </ClInclude>
    <ClInclude Include="Chart.h">
      <Filter>Header Files</Filter>
    </ClInclude>
    <ClInclude Include="childfrm.h">
      <Filter>Header Files</Filter>
    </ClInclude>
    <ClInclude Include="clipbd.h">
      <Filter>Header Files</Filter>
    </ClInclude>
    <ClInclude Include="ColorButton.h">
      <Filter>Header Files</Filter>
    </ClInclude>
    <ClInclude Include="Complex.h">
      <Filter>Header Files</Filter>
    </ClInclude>
    <ClInclude Include="Ctrls.h">
      <Filter>Header Files</Filter>
    </ClInclude>
    <ClInclude Include="Dataset.h">
      <Filter>Header Files</Filter>
    </ClInclude>
    <ClInclude Include="DataTag.h">
      <Filter>Header Files</Filter>
    </ClInclude>
    <ClInclude Include="Debug.h">
      <Filter>Header Files</Filter>
    </ClInclude>
    <ClInclude Include="dibapi.h">
      <Filter>Header Files</Filter>
    </ClInclude>
    <ClInclude Include="DlgAddDriver.h">
      <Filter>Header Files</Filter>
    </ClInclude>
    <ClInclude Include="DlgAddPassive.h">
      <Filter>Header Files</Filter>
    </ClInclude>
    <ClInclude Include="dlgaudiocheck.h">
      <Filter>Header Files</Filter>
    </ClInclude>
    <ClInclude Include="DlgBurst.h">
      <Filter>Header Files</Filter>
    </ClInclude>
    <ClInclude Include="DlgCalcMerge.h">
      <Filter>Header Files</Filter>
    </ClInclude>
    <ClInclude Include="DlgCalcPassive.h">
      <Filter>Header Files</Filter>
    </ClInclude>
    <ClInclude Include="DlgCalcTuned.h">
      <Filter>Header Files</Filter>
    </ClInclude>
    <ClInclude Include="DlgCalibrate.h">
      <Filter>Header Files</Filter>
    </ClInclude>
    <ClInclude Include="dlgCalWizAmp.h">
      <Filter>Header Files</Filter>
    </ClInclude>
    <ClInclude Include="DlgCalWizBrd.h">
      <Filter>Header Files</Filter>
    </ClInclude>
    <ClInclude Include="DlgCalWizImp.h">
      <Filter>Header Files</Filter>
    </ClInclude>
    <ClInclude Include="DlgCalWizLp.h">
      <Filter>Header Files</Filter>
    </ClInclude>
    <ClInclude Include="DlgCalWizVol.h">
      <Filter>Header Files</Filter>
    </ClInclude>
    <ClInclude Include="dlgcbox.h">
      <Filter>Header Files</Filter>
    </ClInclude>
    <ClInclude Include="DLGCHART.H">
      <Filter>Header Files</Filter>
    </ClInclude>
    <ClInclude Include="DlgChartProp.h">
      <Filter>Header Files</Filter>
    </ClInclude>
    <ClInclude Include="dlgchdat.h">
      <Filter>Header Files</Filter>
    </ClInclude>
    <ClInclude Include="dlgchgen.h">
      <Filter>Header Files</Filter>
    </ClInclude>
    <ClInclude Include="DlgCreateGoal.h">
      <Filter>Header Files</Filter>
    </ClInclude>
    <ClInclude Include="DlgCrossover.h">
      <Filter>Header Files</Filter>
    </ClInclude>
    <ClInclude Include="Dlgdatas.h">
      <Filter>Header Files</Filter>
    </ClInclude>
    <ClInclude Include="DlgDefWr.h">
      <Filter>Header Files</Filter>
    </ClInclude>
    <ClInclude Include="DlgDisable48K.h">
      <Filter>Header Files</Filter>
    </ClInclude>
    <ClInclude Include="DlgDoc.h">
      <Filter>Header Files</Filter>
    </ClInclude>
    <ClInclude Include="DlgDocGe.h">
      <Filter>Header Files</Filter>
    </ClInclude>
    <ClInclude Include="dlgdrdat.h">
      <Filter>Header Files</Filter>
    </ClInclude>
    <ClInclude Include="dlgdrgen.h">
      <Filter>Header Files</Filter>
    </ClInclude>
    <ClInclude Include="dlgdrive.h">
      <Filter>Header Files</Filter>
    </ClInclude>
    <ClInclude Include="dlgdrpar.h">
      <Filter>Header Files</Filter>
    </ClInclude>
    <ClInclude Include="DlgDrvEquiv.h">
      <Filter>Header Files</Filter>
    </ClInclude>
    <ClInclude Include="dlgdsdat.h">
      <Filter>Header Files</Filter>
    </ClInclude>
    <ClInclude Include="Dlgdsgen.h">
      <Filter>Header Files</Filter>
    </ClInclude>
    <ClInclude Include="DlgDvEst.h">
      <Filter>Header Files</Filter>
    </ClInclude>
    <ClInclude Include="dlgenclo.h">
      <Filter>Header Files</Filter>
    </ClInclude>
    <ClInclude Include="dlgengen.h">
      <Filter>Header Files</Filter>
    </ClInclude>
    <ClInclude Include="dlgenpar.h">
      <Filter>Header Files</Filter>
    </ClInclude>
    <ClInclude Include="dlgfilte.h">
      <Filter>Header Files</Filter>
    </ClInclude>
    <ClInclude Include="DlgFldGe.h">
      <Filter>Header Files</Filter>
    </ClInclude>
    <ClInclude Include="DlgFolder.h">
      <Filter>Header Files</Filter>
    </ClInclude>
    <ClInclude Include="Dlggener.h">
      <Filter>Header Files</Filter>
    </ClInclude>
    <ClInclude Include="dlggenge.h">
      <Filter>Header Files</Filter>
    </ClInclude>
    <ClInclude Include="dlggenus.h">
      <Filter>Header Files</Filter>
    </ClInclude>
    <ClInclude Include="dlggrid.h">
      <Filter>Header Files</Filter>
    </ClInclude>
    <ClInclude Include="dlglocat.h">
      <Filter>Header Files</Filter>
    </ClInclude>
    <ClInclude Include="DlgLPad.h">
      <Filter>Header Files</Filter>
    </ClInclude>
    <ClInclude Include="Dlgmls.h">
      <Filter>Header Files</Filter>
    </ClInclude>
    <ClInclude Include="DlgMsrDistort.h">
      <Filter>Header Files</Filter>
    </ClInclude>
    <ClInclude Include="DlgMsrIn.h">
      <Filter>Header Files</Filter>
    </ClInclude>
    <ClInclude Include="dlgmsrpa.h">
      <Filter>Header Files</Filter>
    </ClInclude>
    <ClInclude Include="dlgnetdr.h">
      <Filter>Header Files</Filter>
    </ClInclude>
    <ClInclude Include="dlgnetge.h">
      <Filter>Header Files</Filter>
    </ClInclude>
    <ClInclude Include="DlgNetLayout.h">
      <Filter>Header Files</Filter>
    </ClInclude>
    <ClInclude Include="dlgnetli.h">
      <Filter>Header Files</Filter>
    </ClInclude>
    <ClInclude Include="DlgNetOptimize.h">
      <Filter>Header Files</Filter>
    </ClInclude>
    <ClInclude Include="dlgnetwo.h">
      <Filter>Header Files</Filter>
    </ClInclude>
    <ClInclude Include="dlgnoise.h">
      <Filter>Header Files</Filter>
    </ClInclude>
    <ClInclude Include="DlgNotch.h">
      <Filter>Header Files</Filter>
    </ClInclude>
    <ClInclude Include="DlgNote.h">
      <Filter>Header Files</Filter>
    </ClInclude>
    <ClInclude Include="DlgOptXover.h">
      <Filter>Header Files</Filter>
    </ClInclude>
    <ClInclude Include="dlgpertu.h">
      <Filter>Header Files</Filter>
    </ClInclude>
    <ClInclude Include="dlgplays.h">
      <Filter>Header Files</Filter>
    </ClInclude>
    <ClInclude Include="dlgprcha.h">
      <Filter>Header Files</Filter>
    </ClInclude>
    <ClInclude Include="DlgPrefAcoustic.h">
      <Filter>Header Files</Filter>
    </ClInclude>
    <ClInclude Include="DlgPrefDebug.h">
      <Filter>Header Files</Filter>
    </ClInclude>
    <ClInclude Include="dlgPrefer.h">
      <Filter>Header Files</Filter>
    </ClInclude>
    <ClInclude Include="DlgPrefGe.h">
      <Filter>Header Files</Filter>
    </ClInclude>
    <ClInclude Include="dlgprefm.h">
      <Filter>Header Files</Filter>
    </ClInclude>
    <ClInclude Include="DlgPrefMarker.h">
      <Filter>Header Files</Filter>
    </ClInclude>
    <ClInclude Include="dlgprefn.h">
      <Filter>Header Files</Filter>
    </ClInclude>
    <ClInclude Include="DlgPrefReference.h">
      <Filter>Header Files</Filter>
    </ClInclude>
    <ClInclude Include="DlgPrfIm.h">
      <Filter>Header Files</Filter>
    </ClInclude>
    <ClInclude Include="dlgprtra.h">
      <Filter>Header Files</Filter>
    </ClInclude>
    <ClInclude Include="dlgpulse.h">
      <Filter>Header Files</Filter>
    </ClInclude>
    <ClInclude Include="dlgrecor.h">
      <Filter>Header Files</Filter>
    </ClInclude>
    <ClInclude Include="dlgrenam.h">
      <Filter>Header Files</Filter>
    </ClInclude>
    <ClInclude Include="dlgrmbox.h">
      <Filter>Header Files</Filter>
    </ClInclude>
    <ClInclude Include="dlgrmgen.h">
      <Filter>Header Files</Filter>
    </ClInclude>
    <ClInclude Include="dlgrmwal.h">
      <Filter>Header Files</Filter>
    </ClInclude>
    <ClInclude Include="dlgroom.h">
      <Filter>Header Files</Filter>
    </ClInclude>
    <ClInclude Include="DlgRoot.h">
      <Filter>Header Files</Filter>
    </ClInclude>
    <ClInclude Include="dlgsawto.h">
      <Filter>Header Files</Filter>
    </ClInclude>
    <ClInclude Include="dlgselec.h">
      <Filter>Header Files</Filter>
    </ClInclude>
    <ClInclude Include="Dlgsine.h">
      <Filter>Header Files</Filter>
    </ClInclude>
    <ClInclude Include="DlgSplice.h">
      <Filter>Header Files</Filter>
    </ClInclude>
    <ClInclude Include="dlgsquar.h">
      <Filter>Header Files</Filter>
    </ClInclude>
    <ClInclude Include="dlgsweep.h">
      <Filter>Header Files</Filter>
    </ClInclude>
    <ClInclude Include="DlgTimeDist.h">
      <Filter>Header Files</Filter>
    </ClInclude>
    <ClInclude Include="dlgtones.h">
      <Filter>Header Files</Filter>
    </ClInclude>
    <ClInclude Include="DlgVolumeCalc.h">
      <Filter>Header Files</Filter>
    </ClInclude>
    <ClInclude Include="DlgVuMeter.h">
      <Filter>Header Files</Filter>
    </ClInclude>
    <ClInclude Include="dlgxcadd.h">
      <Filter>Header Files</Filter>
    </ClInclude>
    <ClInclude Include="dlgxcimp.h">
      <Filter>Header Files</Filter>
    </ClInclude>
    <ClInclude Include="dlgxfcor.h">
      <Filter>Header Files</Filter>
    </ClInclude>
    <ClInclude Include="dlgxfdel.h">
      <Filter>Header Files</Filter>
    </ClInclude>
    <ClInclude Include="dlgxffft.h">
      <Filter>Header Files</Filter>
    </ClInclude>
    <ClInclude Include="dlgXfFrq.h">
      <Filter>Header Files</Filter>
    </ClInclude>
    <ClInclude Include="dlgxfGrp.h">
      <Filter>Header Files</Filter>
    </ClInclude>
    <ClInclude Include="dlgxfiff.h">
      <Filter>Header Files</Filter>
    </ClInclude>
    <ClInclude Include="dlgxfinv.h">
      <Filter>Header Files</Filter>
    </ClInclude>
    <ClInclude Include="dlgxflim.h">
      <Filter>Header Files</Filter>
    </ClInclude>
    <ClInclude Include="dlgxfsca.h">
      <Filter>Header Files</Filter>
    </ClInclude>
    <ClInclude Include="dlgxfsmo.h">
      <Filter>Header Files</Filter>
    </ClInclude>
    <ClInclude Include="dlgxftru.h">
      <Filter>Header Files</Filter>
    </ClInclude>
    <ClInclude Include="DlgXfWaterfall.h">
      <Filter>Header Files</Filter>
    </ClInclude>
    <ClInclude Include="DlgZobel.h">
      <Filter>Header Files</Filter>
    </ClInclude>
    <ClInclude Include="DrawObj.h">
      <Filter>Header Files</Filter>
    </ClInclude>
    <ClInclude Include="Driver.h">
      <Filter>Header Files</Filter>
    </ClInclude>
    <ClInclude Include="Enclosur.h">
      <Filter>Header Files</Filter>
    </ClInclude>
    <ClInclude Include="filter.h">
      <Filter>Header Files</Filter>
    </ClInclude>
    <ClInclude Include="Folder.h">
      <Filter>Header Files</Filter>
    </ClInclude>
    <ClInclude Include="fxfont.h">
      <Filter>Header Files</Filter>
    </ClInclude>
    <ClInclude Include="Generat.h">
      <Filter>Header Files</Filter>
    </ClInclude>
    <ClInclude Include="Grid.h">
      <Filter>Header Files</Filter>
    </ClInclude>
    <ClInclude Include="IPFRAME.H">
      <Filter>Header Files</Filter>
    </ClInclude>
    <ClInclude Include="mainfrm.h">
      <Filter>Header Files</Filter>
    </ClInclude>
    <ClInclude Include="mmWave.h">
      <Filter>Header Files</Filter>
    </ClInclude>
    <ClInclude Include="Named.h">
      <Filter>Header Files</Filter>
    </ClInclude>
    <ClInclude Include="NetClip.h">
      <Filter>Header Files</Filter>
    </ClInclude>
    <ClInclude Include="NetOptimize.h">
      <Filter>Header Files</Filter>
    </ClInclude>
    <ClInclude Include="Network.h">
      <Filter>Header Files</Filter>
    </ClInclude>
    <ClInclude Include="opcode.h">
      <Filter>Header Files</Filter>
    </ClInclude>
    <ClInclude Include="opitem.h">
      <Filter>Header Files</Filter>
    </ClInclude>
    <ClInclude Include="opRecord.h">
      <Filter>Header Files</Filter>
    </ClInclude>
    <ClInclude Include="Passive.h">
      <Filter>Header Files</Filter>
    </ClInclude>
    <ClInclude Include="Room.h">
      <Filter>Header Files</Filter>
    </ClInclude>
  </ItemGroup>
  <ItemGroup>
    <ClCompile Include="stdafx.cpp">
      <Filter>Source Files</Filter>
    </ClCompile>
    <ClCompile Include="Audtest.cpp">
      <Filter>Source Files</Filter>
    </ClCompile>
    <ClCompile Include="Audtest_i.c">
      <Filter>Source Files</Filter>
    </ClCompile>
    <ClCompile Include="audtedoc.cpp">
      <Filter>Source Files</Filter>
    </ClCompile>
    <ClCompile Include="audtevw.cpp">
      <Filter>Source Files</Filter>
    </ClCompile>
    <ClCompile Include="BarNetwork.cpp">
      <Filter>Source Files</Filter>
    </ClCompile>
    <ClCompile Include="Chart.cpp">
      <Filter>Source Files</Filter>
    </ClCompile>
    <ClCompile Include="Chart2.cpp">
      <Filter>Source Files</Filter>
    </ClCompile>
    <ClCompile Include="ChildFrm.cpp">
      <Filter>Source Files</Filter>
    </ClCompile>
    <ClCompile Include="Clipbd.cpp">
      <Filter>Source Files</Filter>
    </ClCompile>
    <ClCompile Include="ColorButton.cpp">
      <Filter>Source Files</Filter>
    </ClCompile>
    <ClCompile Include="Complex.cpp">
      <Filter>Source Files</Filter>
    </ClCompile>
    <ClCompile Include="Ctrls.cpp">
      <Filter>Source Files</Filter>
    </ClCompile>
    <ClCompile Include="DataSet.cpp">
      <Filter>Source Files</Filter>
    </ClCompile>
    <ClCompile Include="DataTag.cpp">
      <Filter>Source Files</Filter>
    </ClCompile>
    <ClCompile Include="Debug.cpp">
      <Filter>Source Files</Filter>
    </ClCompile>
    <ClCompile Include="dibapi.cpp">
      <Filter>Source Files</Filter>
    </ClCompile>
    <ClCompile Include="DlgAddDriver.cpp">
      <Filter>Source Files</Filter>
    </ClCompile>
    <ClCompile Include="DlgAddPassive.cpp">
      <Filter>Source Files</Filter>
    </ClCompile>
    <ClCompile Include="DlgAudioCheck.cpp">
      <Filter>Source Files</Filter>
    </ClCompile>
    <ClCompile Include="DlgBurst.cpp">
      <Filter>Source Files</Filter>
    </ClCompile>
    <ClCompile Include="DlgCalcMerge.cpp">
      <Filter>Source Files</Filter>
    </ClCompile>
    <ClCompile Include="DlgCalcPassive.cpp">
      <Filter>Source Files</Filter>
    </ClCompile>
    <ClCompile Include="DlgCalcTuned.cpp">
      <Filter>Source Files</Filter>
    </ClCompile>
    <ClCompile Include="DlgCalibrate.cpp">
      <Filter>Source Files</Filter>
    </ClCompile>
    <ClCompile Include="DlgCalWizAmp.cpp">
      <Filter>Source Files</Filter>
    </ClCompile>
    <ClCompile Include="DlgCalWizBrd.cpp">
      <Filter>Source Files</Filter>
    </ClCompile>
    <ClCompile Include="DlgCalWizImp.cpp">
      <Filter>Source Files</Filter>
    </ClCompile>
    <ClCompile Include="DlgCalWizLp.cpp">
      <Filter>Source Files</Filter>
    </ClCompile>
    <ClCompile Include="DlgCalWizVol.cpp">
      <Filter>Source Files</Filter>
    </ClCompile>
    <ClCompile Include="dlgcbox.cpp">
      <Filter>Source Files</Filter>
    </ClCompile>
    <ClCompile Include="dlgChart.cpp">
      <Filter>Source Files</Filter>
    </ClCompile>
    <ClCompile Include="DlgChartProp.cpp">
      <Filter>Source Files</Filter>
    </ClCompile>
    <ClCompile Include="dlgchdat.cpp">
      <Filter>Source Files</Filter>
    </ClCompile>
    <ClCompile Include="dlgchgen.cpp">
      <Filter>Source Files</Filter>
    </ClCompile>
    <ClCompile Include="DlgCreateGoal.cpp">
      <Filter>Source Files</Filter>
    </ClCompile>
    <ClCompile Include="DlgCrossover.cpp">
      <Filter>Source Files</Filter>
    </ClCompile>
    <ClCompile Include="dlgDataS.cpp">
      <Filter>Source Files</Filter>
    </ClCompile>
    <ClCompile Include="DlgDefWr.cpp">
      <Filter>Source Files</Filter>
    </ClCompile>
    <ClCompile Include="DlgDisable48K.cpp">
      <Filter>Source Files</Filter>
    </ClCompile>
    <ClCompile Include="DlgDoc.cpp">
      <Filter>Source Files</Filter>
    </ClCompile>
    <ClCompile Include="DlgDocGe.cpp">
      <Filter>Source Files</Filter>
    </ClCompile>
    <ClCompile Include="dlgdrdat.cpp">
      <Filter>Source Files</Filter>
    </ClCompile>
    <ClCompile Include="dlgdrgen.cpp">
      <Filter>Source Files</Filter>
    </ClCompile>
    <ClCompile Include="dlgDrive.cpp">
      <Filter>Source Files</Filter>
    </ClCompile>
    <ClCompile Include="dlgdrpar.cpp">
      <Filter>Source Files</Filter>
    </ClCompile>
    <ClCompile Include="DlgDrvEquiv.cpp">
      <Filter>Source Files</Filter>
    </ClCompile>
    <ClCompile Include="dlgDsDat.cpp">
      <Filter>Source Files</Filter>
    </ClCompile>
    <ClCompile Include="dlgDsGen.cpp">
      <Filter>Source Files</Filter>
    </ClCompile>
    <ClCompile Include="DlgDvEst.cpp">
      <Filter>Source Files</Filter>
    </ClCompile>
    <ClCompile Include="dlgEnclo.cpp">
      <Filter>Source Files</Filter>
    </ClCompile>
    <ClCompile Include="dlgengen.cpp">
      <Filter>Source Files</Filter>
    </ClCompile>
    <ClCompile Include="dlgenpar.cpp">
      <Filter>Source Files</Filter>
    </ClCompile>
    <ClCompile Include="dlgfilte.cpp">
      <Filter>Source Files</Filter>
    </ClCompile>
    <ClCompile Include="DlgFldGe.cpp">
      <Filter>Source Files</Filter>
    </ClCompile>
    <ClCompile Include="DlgFolder.cpp">
      <Filter>Source Files</Filter>
    </ClCompile>
    <ClCompile Include="dlgGener.cpp">
      <Filter>Source Files</Filter>
    </ClCompile>
    <ClCompile Include="dlggenge.cpp">
      <Filter>Source Files</Filter>
    </ClCompile>
    <ClCompile Include="dlggenus.cpp">
      <Filter>Source Files</Filter>
    </ClCompile>
    <ClCompile Include="dlggrid.cpp">
      <Filter>Source Files</Filter>
    </ClCompile>
    <ClCompile Include="dlglocat.cpp">
      <Filter>Source Files</Filter>
    </ClCompile>
    <ClCompile Include="DlgLPad.cpp">
      <Filter>Source Files</Filter>
    </ClCompile>
    <ClCompile Include="dlgmls.cpp">
      <Filter>Source Files</Filter>
    </ClCompile>
    <ClCompile Include="DlgMsrDistort.cpp">
      <Filter>Source Files</Filter>
    </ClCompile>
    <ClCompile Include="DlgMsrIn.cpp">
      <Filter>Source Files</Filter>
    </ClCompile>
    <ClCompile Include="dlgMsrPa.cpp">
      <Filter>Source Files</Filter>
    </ClCompile>
    <ClCompile Include="dlgnetdr.cpp">
      <Filter>Source Files</Filter>
    </ClCompile>
    <ClCompile Include="dlgNetGe.cpp">
      <Filter>Source Files</Filter>
    </ClCompile>
    <ClCompile Include="DlgNetLayout.cpp">
      <Filter>Source Files</Filter>
    </ClCompile>
    <ClCompile Include="dlgnetli.cpp">
      <Filter>Source Files</Filter>
    </ClCompile>
    <ClCompile Include="DlgNetOptimize.cpp">
      <Filter>Source Files</Filter>
    </ClCompile>
    <ClCompile Include="dlgNetwo.cpp">
      <Filter>Source Files</Filter>
    </ClCompile>
    <ClCompile Include="dlgnoise.cpp">
      <Filter>Source Files</Filter>
    </ClCompile>
    <ClCompile Include="DlgNotch.cpp">
      <Filter>Source Files</Filter>
    </ClCompile>
    <ClCompile Include="DlgNote.cpp">
      <Filter>Source Files</Filter>
    </ClCompile>
    <ClCompile Include="DlgOptXover.cpp">
      <Filter>Source Files</Filter>
    </ClCompile>
    <ClCompile Include="dlgpertu.cpp">
      <Filter>Source Files</Filter>
    </ClCompile>
    <ClCompile Include="dlgPlayS.cpp">
      <Filter>Source Files</Filter>
    </ClCompile>
    <ClCompile Include="dlgprcha.cpp">
      <Filter>Source Files</Filter>
    </ClCompile>
    <ClCompile Include="DlgPrefAcoustic.cpp">
      <Filter>Source Files</Filter>
    </ClCompile>
    <ClCompile Include="DlgPrefDebug.cpp">
      <Filter>Source Files</Filter>
    </ClCompile>
    <ClCompile Include="dlgPrefer.cpp">
      <Filter>Source Files</Filter>
    </ClCompile>
    <ClCompile Include="DlgPrefGe.cpp">
      <Filter>Source Files</Filter>
    </ClCompile>
    <ClCompile Include="dlgprefm.cpp">
      <Filter>Source Files</Filter>
    </ClCompile>
    <ClCompile Include="DlgPrefMarker.cpp">
      <Filter>Source Files</Filter>
    </ClCompile>
    <ClCompile Include="dlgprefn.cpp">
      <Filter>Source Files</Filter>
    </ClCompile>
    <ClCompile Include="DlgPrefReference.cpp">
      <Filter>Source Files</Filter>
    </ClCompile>
    <ClCompile Include="DlgPrfIm.cpp">
      <Filter>Source Files</Filter>
    </ClCompile>
    <ClCompile Include="dlgprtra.cpp">
      <Filter>Source Files</Filter>
    </ClCompile>
    <ClCompile Include="dlgpulse.cpp">
      <Filter>Source Files</Filter>
    </ClCompile>
    <ClCompile Include="dlgrecor.cpp">
      <Filter>Source Files</Filter>
    </ClCompile>
    <ClCompile Include="dlgRenam.cpp">
      <Filter>Source Files</Filter>
    </ClCompile>
    <ClCompile Include="dlgrmbox.cpp">
      <Filter>Source Files</Filter>
    </ClCompile>
    <ClCompile Include="dlgRmGen.cpp">
      <Filter>Source Files</Filter>
    </ClCompile>
    <ClCompile Include="dlgRmWal.cpp">
      <Filter>Source Files</Filter>
    </ClCompile>
    <ClCompile Include="dlgRoom.cpp">
      <Filter>Source Files</Filter>
    </ClCompile>
    <ClCompile Include="DlgRoot.cpp">
      <Filter>Source Files</Filter>
    </ClCompile>
    <ClCompile Include="dlgsawto.cpp">
      <Filter>Source Files</Filter>
    </ClCompile>
    <ClCompile Include="dlgSelec.cpp">
      <Filter>Source Files</Filter>
    </ClCompile>
    <ClCompile Include="dlgSine.cpp">
      <Filter>Source Files</Filter>
    </ClCompile>
    <ClCompile Include="DlgSplice.cpp">
      <Filter>Source Files</Filter>
    </ClCompile>
    <ClCompile Include="dlgsquar.cpp">
      <Filter>Source Files</Filter>
    </ClCompile>
    <ClCompile Include="dlgSweep.cpp">
      <Filter>Source Files</Filter>
    </ClCompile>
    <ClCompile Include="DlgTimeDist.cpp">
      <Filter>Source Files</Filter>
    </ClCompile>
    <ClCompile Include="dlgTones.cpp">
      <Filter>Source Files</Filter>
    </ClCompile>
    <ClCompile Include="DlgVolumeCalc.cpp">
      <Filter>Source Files</Filter>
    </ClCompile>
    <ClCompile Include="DlgVuMeter.cpp">
      <Filter>Source Files</Filter>
    </ClCompile>
    <ClCompile Include="dlgxcadd.cpp">
      <Filter>Source Files</Filter>
    </ClCompile>
    <ClCompile Include="dlgxcimp.cpp">
      <Filter>Source Files</Filter>
    </ClCompile>
    <ClCompile Include="dlgxfcor.cpp">
      <Filter>Source Files</Filter>
    </ClCompile>
    <ClCompile Include="dlgxfdel.cpp">
      <Filter>Source Files</Filter>
    </ClCompile>
    <ClCompile Include="dlgxffft.cpp">
      <Filter>Source Files</Filter>
    </ClCompile>
    <ClCompile Include="dlgXfFrq.cpp">
      <Filter>Source Files</Filter>
    </ClCompile>
    <ClCompile Include="dlgxfgrp.cpp">
      <Filter>Source Files</Filter>
    </ClCompile>
    <ClCompile Include="dlgxfiff.cpp">
      <Filter>Source Files</Filter>
    </ClCompile>
    <ClCompile Include="dlgxfinv.cpp">
      <Filter>Source Files</Filter>
    </ClCompile>
    <ClCompile Include="dlgxflim.cpp">
      <Filter>Source Files</Filter>
    </ClCompile>
    <ClCompile Include="dlgxfsca.cpp">
      <Filter>Source Files</Filter>
    </ClCompile>
    <ClCompile Include="dlgxfsmo.cpp">
      <Filter>Source Files</Filter>
    </ClCompile>
    <ClCompile Include="dlgxftru.cpp">
      <Filter>Source Files</Filter>
    </ClCompile>
    <ClCompile Include="DlgXfWaterfall.cpp">
      <Filter>Source Files</Filter>
    </ClCompile>
    <ClCompile Include="DlgZobel.cpp">
      <Filter>Source Files</Filter>
    </ClCompile>
    <ClCompile Include="DrawObj.cpp">
      <Filter>Source Files</Filter>
    </ClCompile>
    <ClCompile Include="Driver.cpp">
      <Filter>Source Files</Filter>
    </ClCompile>
    <ClCompile Include="Enclosur.cpp">
      <Filter>Source Files</Filter>
    </ClCompile>
    <ClCompile Include="Filter.cpp">
      <Filter>Source Files</Filter>
    </ClCompile>
    <ClCompile Include="Folder.cpp">
      <Filter>Source Files</Filter>
    </ClCompile>
    <ClCompile Include="FxFont.cpp">
      <Filter>Source Files</Filter>
    </ClCompile>
    <ClCompile Include="Generat.cpp">
      <Filter>Source Files</Filter>
    </ClCompile>
    <ClCompile Include="Grid.cpp">
      <Filter>Source Files</Filter>
    </ClCompile>
    <ClCompile Include="ipFrame.cpp">
      <Filter>Source Files</Filter>
    </ClCompile>
    <ClCompile Include="lzrw1.cpp">
      <Filter>Source Files</Filter>
    </ClCompile>
    <ClCompile Include="mainFrm.cpp">
      <Filter>Source Files</Filter>
    </ClCompile>
    <ClCompile Include="mmWave.cpp">
      <Filter>Source Files</Filter>
    </ClCompile>
    <ClCompile Include="mmwOps.cpp">
      <Filter>Source Files</Filter>
    </ClCompile>
    <ClCompile Include="Named.cpp">
      <Filter>Source Files</Filter>
    </ClCompile>
    <ClCompile Include="NetClip.cpp">
      <Filter>Source Files</Filter>
    </ClCompile>
    <ClCompile Include="NetOps.cpp">
      <Filter>Source Files</Filter>
    </ClCompile>
    <ClCompile Include="NetOptimize.cpp">
      <Filter>Source Files</Filter>
    </ClCompile>
    <ClCompile Include="Network.cpp">
      <Filter>Source Files</Filter>
    </ClCompile>
    <ClCompile Include="OpCode.cpp">
      <Filter>Source Files</Filter>
    </ClCompile>
    <ClCompile Include="opItem.cpp">
      <Filter>Source Files</Filter>
    </ClCompile>
    <ClCompile Include="opRecord.cpp">
      <Filter>Source Files</Filter>
    </ClCompile>
    <ClCompile Include="Passive.cpp">
      <Filter>Source Files</Filter>
    </ClCompile>
    <ClCompile Include="Room.cpp">
      <Filter>Source Files</Filter>
    </ClCompile>
    <ClCompile Include="SetLocale.cpp">
      <Filter>Source Files</Filter>
    </ClCompile>
    <ClCompile Include="Splash.cpp">
      <Filter>Source Files</Filter>
    </ClCompile>
    <ClCompile Include="SplitBar.cpp">
      <Filter>Source Files</Filter>
    </ClCompile>
    <ClCompile Include="srvrItem.cpp">
      <Filter>Source Files</Filter>
    </ClCompile>
    <ClCompile Include="treectrl.cpp">
      <Filter>Source Files</Filter>
    </ClCompile>
    <ClCompile Include="TrueDialogBar.cpp">
      <Filter>Source Files</Filter>
    </ClCompile>
    <ClCompile Include="Utils.cpp">
      <Filter>Source Files</Filter>
    </ClCompile>
    <ClCompile Include="ViewRecd.cpp">
      <Filter>Source Files</Filter>
    </ClCompile>
    <ClCompile Include="vwchart.cpp">
      <Filter>Source Files</Filter>
    </ClCompile>
    <ClCompile Include="vwdata.cpp">
      <Filter>Source Files</Filter>
    </ClCompile>
    <ClCompile Include="vwdrive.cpp">
      <Filter>Source Files</Filter>
    </ClCompile>
    <ClCompile Include="vwencl.cpp">
      <Filter>Source Files</Filter>
    </ClCompile>
    <ClCompile Include="vwgen.cpp">
      <Filter>Source Files</Filter>
    </ClCompile>
    <ClCompile Include="vwNet.cpp">
      <Filter>Source Files</Filter>
    </ClCompile>
    <ClCompile Include="vwroom.cpp">
      <Filter>Source Files</Filter>
    </ClCompile>
    <ClCompile Include="vwtree.cpp">
      <Filter>Source Files</Filter>
    </ClCompile>
    <ClCompile Include="xForm.cpp">
      <Filter>Source Files</Filter>
    </ClCompile>
    <ClCompile Include="XformGoal.cpp">
      <Filter>Source Files</Filter>
    </ClCompile>
    <ClCompile Include="ZcSplitCtrl.cpp">
      <Filter>Source Files</Filter>
    </ClCompile>
    <ClCompile Include="zFormEdt.cpp">
      <Filter>Source Files</Filter>
    </ClCompile>
    <ClCompile Include="xFormBig.cpp">
      <Filter>Source Files</Filter>
    </ClCompile>
  </ItemGroup>
  <ItemGroup>
    <ResourceCompile Include="Audtest.rc">
      <Filter>Resource Files</Filter>
    </ResourceCompile>
  </ItemGroup>
  <ItemGroup>
    <Midl Include="Audtest.odl">
      <Filter>Source Files</Filter>
    </Midl>
  </ItemGroup>
  <ItemGroup>
    <Text Include="Text.txt" />
  </ItemGroup>
  <ItemGroup>
    <Image Include="res\audtest.ico">
      <Filter>Resource Files</Filter>
    </Image>
    <Image Include="res\audtedoc.ico">
      <Filter>Resource Files</Filter>
    </Image>
    <Image Include="res\idr_comp.ico">
      <Filter>Resource Files</Filter>
    </Image>
    <Image Include="res\ico00001.ico">
      <Filter>Resource Files</Filter>
    </Image>
    <Image Include="res\ico00005.ico">
      <Filter>Resource Files</Filter>
    </Image>
    <Image Include="res\ico00002.ico">
      <Filter>Resource Files</Filter>
    </Image>
    <Image Include="res\ico00003.ico">
      <Filter>Resource Files</Filter>
    </Image>
    <Image Include="res\ico00004.ico">
      <Filter>Resource Files</Filter>
    </Image>
    <Image Include="res\chkduplex.ico">
      <Filter>Resource Files</Filter>
    </Image>
    <Image Include="res\chkin.ico">
      <Filter>Resource Files</Filter>
    </Image>
    <Image Include="res\chkout.ico">
      <Filter>Resource Files</Filter>
    </Image>
    <Image Include="res\idr_tree.ico">
      <Filter>Resource Files</Filter>
    </Image>
    <Image Include="res\idr_drive.ico">
      <Filter>Resource Files</Filter>
    </Image>
    <Image Include="res\idr_net.ico">
      <Filter>Resource Files</Filter>
    </Image>
    <Image Include="res\idr_chart.ico">
      <Filter>Resource Files</Filter>
    </Image>
    <Image Include="res\idr_encl.ico">
      <Filter>Resource Files</Filter>
    </Image>
    <Image Include="res\idr_room.ico">
      <Filter>Resource Files</Filter>
    </Image>
    <Image Include="res\idr_data.ico">
      <Filter>Resource Files</Filter>
    </Image>
    <Image Include="res\idr_gen.ico">
      <Filter>Resource Files</Filter>
    </Image>
    <Image Include="res\itoolbar.bmp">
      <Filter>Resource Files</Filter>
    </Image>
    <Image Include="res\treelist.bmp">
      <Filter>Resource Files</Filter>
    </Image>
    <Image Include="res\bmp00001.bmp">
      <Filter>Resource Files</Filter>
    </Image>
    <Image Include="res\bitmap1.bmp">
      <Filter>Resource Files</Filter>
    </Image>
    <Image Include="res\lowpass1.bmp">
      <Filter>Resource Files</Filter>
    </Image>
    <Image Include="res\lowpass2.bmp">
      <Filter>Resource Files</Filter>
    </Image>
    <Image Include="res\lowpass3.bmp">
      <Filter>Resource Files</Filter>
    </Image>
    <Image Include="res\bmp00002.bmp">
      <Filter>Resource Files</Filter>
    </Image>
    <Image Include="res\splsh256.bmp">
      <Filter>Resource Files</Filter>
    </Image>
    <Image Include="res\xvhigh4.bmp">
      <Filter>Resource Files</Filter>
    </Image>
    <Image Include="res\xvhigh3.bmp">
      <Filter>Resource Files</Filter>
    </Image>
    <Image Include="res\Toolbar.bmp">
      <Filter>Resource Files</Filter>
    </Image>
    <Image Include="res\bmp00003.bmp">
      <Filter>Resource Files</Filter>
    </Image>
    <Image Include="res\bandpass.bmp">
      <Filter>Resource Files</Filter>
    </Image>
    <Image Include="res\bandstop.bmp">
      <Filter>Resource Files</Filter>
    </Image>
    <Image Include="res\highpass.bmp">
      <Filter>Resource Files</Filter>
    </Image>
    <Image Include="res\bmp00004.bmp">
      <Filter>Resource Files</Filter>
    </Image>
    <Image Include="res\wiz_cal4.bmp">
      <Filter>Resource Files</Filter>
    </Image>
    <Image Include="res\toolchar.bmp">
      <Filter>Resource Files</Filter>
    </Image>
    <Image Include="res\toolsign.bmp">
      <Filter>Resource Files</Filter>
    </Image>
    <Image Include="res\tooldriv.bmp">
      <Filter>Resource Files</Filter>
    </Image>
    <Image Include="res\toolnetw.bmp">
      <Filter>Resource Files</Filter>
    </Image>
    <Image Include="res\toolencl.bmp">
      <Filter>Resource Files</Filter>
    </Image>
    <Image Include="RES\Wz_impbe.bmp">
      <Filter>Resource Files</Filter>
    </Image>
    <Image Include="RES\Wz_impj1.bmp">
      <Filter>Resource Files</Filter>
    </Image>
    <Image Include="RES\Wz_impj2.bmp">
      <Filter>Resource Files</Filter>
    </Image>
    <Image Include="res\wiz_lp_b.bmp">
      <Filter>Resource Files</Filter>
    </Image>
    <Image Include="res\bmp00005.bmp">
      <Filter>Resource Files</Filter>
    </Image>
    <Image Include="res\wiz_brd_.bmp">
      <Filter>Resource Files</Filter>
    </Image>
    <Image Include="RES\Wz_lp1.bmp">
      <Filter>Resource Files</Filter>
    </Image>
    <Image Include="res\wiz_amp_.bmp">
      <Filter>Resource Files</Filter>
    </Image>
    <Image Include="res\resistor.bmp">
      <Filter>Resource Files</Filter>
    </Image>
    <Image Include="res\bmp00006.bmp">
      <Filter>Resource Files</Filter>
    </Image>
  </ItemGroup>
  <ItemGroup>
    <Manifest Include="SpeakerWorkshop.exe.manifest" />
  </ItemGroup>
</Project>